id: i3lock
version: 2.14
about: Improved screenlocker based on XCB and PAM

pre-script: |-
  sed -i -e 's:login:system-auth:' pam/i3lock

depends:
  - components/cairo.yml
  - components/libev.yml
  - components/pam.yml
  - components/x11/libxkbcommon.yml
  - components/x11/xcb-util-image.yml
  - components/x11/xcb-util-xrm.yml
 
sources:
  - https://i3wm.org/i3lock/i3lock-%{version}.tar.xz